
Microsoft Visual Studio Solution File, Format Version 12.00
# Visual Studio 15
VisualStudioVersion = 15.0.28306.52
MinimumVisualStudioVersion = 10.0.40219.1
Project("{9A19103F-16F7-4668-BE54-9A1E7A4F7556}") = "GrapeCity.DataVisualization.Render", "GrapeCity.DataVisualization.Render.csproj", "{4168835A-A635-4B05-9774-08EEA09CE9A0}"
EndProject
Project("{9A19103F-16F7-4668-BE54-9A1E7A4F7556}") = "GrapeCity.DataVisualization.Chart", "..\..\..\dotnet\GrapeCity.DataVisualization.Chart\GrapeCity.DataVisualization.Chart.csproj", "{9440692B-0582-4806-AF72-49344724956A}"
EndProject
Global
	GlobalSection(SolutionConfigurationPlatforms) = preSolution
		Debug|Any CPU = Debug|Any CPU
		Release|Any CPU = Release|Any CPU
	EndGlobalSection
	GlobalSection(ProjectConfigurationPlatforms) = postSolution
		{4168835A-A635-4B05-9774-08EEA09CE9A0}.Debug|Any CPU.ActiveCfg = Debug|Any CPU
		{4168835A-A635-4B05-9774-08EEA09CE9A0}.Debug|Any CPU.Build.0 = Debug|Any CPU
		{4168835A-A635-4B05-9774-08EEA09CE9A0}.Release|Any CPU.ActiveCfg = Release|Any CPU
		{4168835A-A635-4B05-9774-08EEA09CE9A0}.Release|Any CPU.Build.0 = Release|Any CPU
		{9440692B-0582-4806-AF72-49344724956A}.Debug|Any CPU.ActiveCfg = Debug|Any CPU
		{9440692B-0582-4806-AF72-49344724956A}.Debug|Any CPU.Build.0 = Debug|Any CPU
		{9440692B-0582-4806-AF72-49344724956A}.Release|Any CPU.ActiveCfg = Release|Any CPU
		{9440692B-0582-4806-AF72-49344724956A}.Release|Any CPU.Build.0 = Release|Any CPU
	EndGlobalSection
	GlobalSection(SolutionProperties) = preSolution
		HideSolutionNode = FALSE
	EndGlobalSection
	GlobalSection(ExtensibilityGlobals) = postSolution
		SolutionGuid = {A7220F90-0C66-4FC6-8656-97A04DC017A7}
	EndGlobalSection
EndGlobal
